
Microsoft Visual Studio Solution File, Format Version 12.00
# Visual Studio Version 17
VisualStudioVersion = 17.14.36221.1 d17.14
MinimumVisualStudioVersion = 10.0.40219.1
Project("{54A90642-561A-4BB1-A94E-469ADEE60C69}") = "openc2.client", "openc2.client\openc2.client.esproj", "{8821E1A5-195A-E9AF-3139-BA76BF23B33D}"
EndProject
Project("{FAE04EC0-301F-11D3-BF4B-00C04F79EFBC}") = "OpenC2.Server", "OpenC2.Server\OpenC2.Server.csproj", "{BEA16889-4E61-4273-A1EF-04C29C6B7CC8}"
EndProject
Project("{FAE04EC0-301F-11D3-BF4B-00C04F79EFBC}") = "OpenC2.Simulator", "OpenC2.Simulator\OpenC2.Simulator.csproj", "{D8F318C9-505B-4BE9-8B67-FDE2552577A6}"
EndProject
Global
	GlobalSection(SolutionConfigurationPlatforms) = preSolution
		Debug|Any CPU = Debug|Any CPU
		Release|Any CPU = Release|Any CPU
	EndGlobalSection
	GlobalSection(ProjectConfigurationPlatforms) = postSolution
		{8821E1A5-195A-E9AF-3139-BA76BF23B33D}.Debug|Any CPU.ActiveCfg = Debug|Any CPU
		{8821E1A5-195A-E9AF-3139-BA76BF23B33D}.Debug|Any CPU.Build.0 = Debug|Any CPU
		{8821E1A5-195A-E9AF-3139-BA76BF23B33D}.Debug|Any CPU.Deploy.0 = Debug|Any CPU
		{8821E1A5-195A-E9AF-3139-BA76BF23B33D}.Release|Any CPU.ActiveCfg = Release|Any CPU
		{8821E1A5-195A-E9AF-3139-BA76BF23B33D}.Release|Any CPU.Build.0 = Release|Any CPU
		{8821E1A5-195A-E9AF-3139-BA76BF23B33D}.Release|Any CPU.Deploy.0 = Release|Any CPU
		{BEA16889-4E61-4273-A1EF-04C29C6B7CC8}.Debug|Any CPU.ActiveCfg = Debug|Any CPU
		{BEA16889-4E61-4273-A1EF-04C29C6B7CC8}.Debug|Any CPU.Build.0 = Debug|Any CPU
		{BEA16889-4E61-4273-A1EF-04C29C6B7CC8}.Release|Any CPU.ActiveCfg = Release|Any CPU
		{BEA16889-4E61-4273-A1EF-04C29C6B7CC8}.Release|Any CPU.Build.0 = Release|Any CPU
		{D8F318C9-505B-4BE9-8B67-FDE2552577A6}.Debug|Any CPU.ActiveCfg = Debug|Any CPU
		{D8F318C9-505B-4BE9-8B67-FDE2552577A6}.Debug|Any CPU.Build.0 = Debug|Any CPU
		{D8F318C9-505B-4BE9-8B67-FDE2552577A6}.Release|Any CPU.ActiveCfg = Release|Any CPU
		{D8F318C9-505B-4BE9-8B67-FDE2552577A6}.Release|Any CPU.Build.0 = Release|Any CPU
	EndGlobalSection
	GlobalSection(SolutionProperties) = preSolution
		HideSolutionNode = FALSE
	EndGlobalSection
	GlobalSection(ExtensibilityGlobals) = postSolution
		SolutionGuid = {B57E36AA-7A76-46C7-A997-8D304CD72AD5}
	EndGlobalSection
EndGlobal
